
Microsoft Visual Studio Solution File, Format Version 12.00
# Visual Studio Version 17
VisualStudioVersion = 17.8.34330.188
MinimumVisualStudioVersion = 10.0.40219.1
Project("{9A19103F-16F7-4668-BE54-9A1E7A4F7556}") = "Palette", "Palette\Palette.csproj", "{82EF432A-3583-4057-8B56-4533AB50A3DE}"
EndProject
Project("{9A19103F-16F7-4668-BE54-9A1E7A4F7556}") = "Palette.Desktop", "Palette.Desktop\Palette.Desktop.csproj", "{ACCC1BFD-0A58-425D-99EC-567624A71E95}"
EndProject
Global
	GlobalSection(SolutionConfigurationPlatforms) = preSolution
		Debug|Any CPU = Debug|Any CPU
		Release|Any CPU = Release|Any CPU
	EndGlobalSection
	GlobalSection(ProjectConfigurationPlatforms) = postSolution
		{82EF432A-3583-4057-8B56-4533AB50A3DE}.Debug|Any CPU.ActiveCfg = Debug|Any CPU
		{82EF432A-3583-4057-8B56-4533AB50A3DE}.Debug|Any CPU.Build.0 = Debug|Any CPU
		{82EF432A-3583-4057-8B56-4533AB50A3DE}.Release|Any CPU.ActiveCfg = Release|Any CPU
		{82EF432A-3583-4057-8B56-4533AB50A3DE}.Release|Any CPU.Build.0 = Release|Any CPU
		{ACCC1BFD-0A58-425D-99EC-567624A71E95}.Debug|Any CPU.ActiveCfg = Debug|Any CPU
		{ACCC1BFD-0A58-425D-99EC-567624A71E95}.Debug|Any CPU.Build.0 = Debug|Any CPU
		{ACCC1BFD-0A58-425D-99EC-567624A71E95}.Release|Any CPU.ActiveCfg = Release|Any CPU
		{ACCC1BFD-0A58-425D-99EC-567624A71E95}.Release|Any CPU.Build.0 = Release|Any CPU
	EndGlobalSection
	GlobalSection(SolutionProperties) = preSolution
		HideSolutionNode = FALSE
	EndGlobalSection
	GlobalSection(ExtensibilityGlobals) = postSolution
		SolutionGuid = {FCBFF013-C719-46C7-AFB5-A2A54A8CAE70}
	EndGlobalSection
EndGlobal
