
Microsoft Visual Studio Solution File, Format Version 12.00
# Visual Studio Version 17
VisualStudioVersion = 17.9.34723.18
MinimumVisualStudioVersion = 10.0.40219.1
Project("{9A19103F-16F7-4668-BE54-9A1E7A4F7556}") = "hw_11", "hw_11\hw_11.csproj", "{7C2B815B-D7FE-492F-B5BE-58BF16D87B28}"
EndProject
Project("{9A19103F-16F7-4668-BE54-9A1E7A4F7556}") = "hw_11.Desktop", "hw_11.Desktop\hw_11.Desktop.csproj", "{17C853B5-0220-4432-9DB9-19C32FF26DD1}"
EndProject
Global
	GlobalSection(SolutionConfigurationPlatforms) = preSolution
		Debug|Any CPU = Debug|Any CPU
		Release|Any CPU = Release|Any CPU
	EndGlobalSection
	GlobalSection(ProjectConfigurationPlatforms) = postSolution
		{7C2B815B-D7FE-492F-B5BE-58BF16D87B28}.Debug|Any CPU.ActiveCfg = Debug|Any CPU
		{7C2B815B-D7FE-492F-B5BE-58BF16D87B28}.Debug|Any CPU.Build.0 = Debug|Any CPU
		{7C2B815B-D7FE-492F-B5BE-58BF16D87B28}.Release|Any CPU.ActiveCfg = Release|Any CPU
		{7C2B815B-D7FE-492F-B5BE-58BF16D87B28}.Release|Any CPU.Build.0 = Release|Any CPU
		{17C853B5-0220-4432-9DB9-19C32FF26DD1}.Debug|Any CPU.ActiveCfg = Debug|Any CPU
		{17C853B5-0220-4432-9DB9-19C32FF26DD1}.Debug|Any CPU.Build.0 = Debug|Any CPU
		{17C853B5-0220-4432-9DB9-19C32FF26DD1}.Release|Any CPU.ActiveCfg = Release|Any CPU
		{17C853B5-0220-4432-9DB9-19C32FF26DD1}.Release|Any CPU.Build.0 = Release|Any CPU
	EndGlobalSection
	GlobalSection(SolutionProperties) = preSolution
		HideSolutionNode = FALSE
	EndGlobalSection
	GlobalSection(ExtensibilityGlobals) = postSolution
		SolutionGuid = {80A4D43A-ECD6-4E26-9E87-B1632FF9FFF9}
	EndGlobalSection
EndGlobal
